
Microsoft Visual Studio Solution File, Format Version 12.00
# Visual Studio 15
VisualStudioVersion = 15.0.28307.489
MinimumVisualStudioVersion = 10.0.40219.1
Project("{FAE04EC0-301F-11D3-BF4B-00C04F79EFBC}") = "XmTestWebApp", "XmTestWebApp\XmTestWebApp.csproj", "{4A412F57-255F-4E91-A749-9595710E077A}"
EndProject
Project("{FAE04EC0-301F-11D3-BF4B-00C04F79EFBC}") = "XmTestWebApp.BLL", "XmTestWebApp.BLL\XmTestWebApp.BLL.csproj", "{7C05E472-65D1-4437-8E59-7E2C146FA0E6}"
EndProject
Project("{FAE04EC0-301F-11D3-BF4B-00C04F79EFBC}") = "XmTestWebApp.Repository", "XmTestWebApp.Repository\XmTestWebApp.Repository.csproj", "{FF155639-0026-4589-B4AC-089A087BEF88}"
EndProject
Project("{FAE04EC0-301F-11D3-BF4B-00C04F79EFBC}") = "XmTestWebApp.Models", "XmTestWebApp.Models\XmTestWebApp.Models.csproj", "{07B3A9B0-D9AD-4540-9463-730DA381BAA5}"
EndProject
Project("{FAE04EC0-301F-11D3-BF4B-00C04F79EFBC}") = "XmTestWebApp.DatabaseContext", "XmTestWebApp.DatabaseContext\XmTestWebApp.DatabaseContext.csproj", "{455C845F-8B45-4E80-B1B9-9B48484BCD64}"
EndProject
Global
	GlobalSection(SolutionConfigurationPlatforms) = preSolution
		Debug|Any CPU = Debug|Any CPU
		Release|Any CPU = Release|Any CPU
	EndGlobalSection
	GlobalSection(ProjectConfigurationPlatforms) = postSolution
		{4A412F57-255F-4E91-A749-9595710E077A}.Debug|Any CPU.ActiveCfg = Debug|Any CPU
		{4A412F57-255F-4E91-A749-9595710E077A}.Debug|Any CPU.Build.0 = Debug|Any CPU
		{4A412F57-255F-4E91-A749-9595710E077A}.Release|Any CPU.ActiveCfg = Release|Any CPU
		{4A412F57-255F-4E91-A749-9595710E077A}.Release|Any CPU.Build.0 = Release|Any CPU
		{7C05E472-65D1-4437-8E59-7E2C146FA0E6}.Debug|Any CPU.ActiveCfg = Debug|Any CPU
		{7C05E472-65D1-4437-8E59-7E2C146FA0E6}.Debug|Any CPU.Build.0 = Debug|Any CPU
		{7C05E472-65D1-4437-8E59-7E2C146FA0E6}.Release|Any CPU.ActiveCfg = Release|Any CPU
		{7C05E472-65D1-4437-8E59-7E2C146FA0E6}.Release|Any CPU.Build.0 = Release|Any CPU
		{FF155639-0026-4589-B4AC-089A087BEF88}.Debug|Any CPU.ActiveCfg = Debug|Any CPU
		{FF155639-0026-4589-B4AC-089A087BEF88}.Debug|Any CPU.Build.0 = Debug|Any CPU
		{FF155639-0026-4589-B4AC-089A087BEF88}.Release|Any CPU.ActiveCfg = Release|Any CPU
		{FF155639-0026-4589-B4AC-089A087BEF88}.Release|Any CPU.Build.0 = Release|Any CPU
		{07B3A9B0-D9AD-4540-9463-730DA381BAA5}.Debug|Any CPU.ActiveCfg = Debug|Any CPU
		{07B3A9B0-D9AD-4540-9463-730DA381BAA5}.Debug|Any CPU.Build.0 = Debug|Any CPU
		{07B3A9B0-D9AD-4540-9463-730DA381BAA5}.Release|Any CPU.ActiveCfg = Release|Any CPU
		{07B3A9B0-D9AD-4540-9463-730DA381BAA5}.Release|Any CPU.Build.0 = Release|Any CPU
		{455C845F-8B45-4E80-B1B9-9B48484BCD64}.Debug|Any CPU.ActiveCfg = Debug|Any CPU
		{455C845F-8B45-4E80-B1B9-9B48484BCD64}.Debug|Any CPU.Build.0 = Debug|Any CPU
		{455C845F-8B45-4E80-B1B9-9B48484BCD64}.Release|Any CPU.ActiveCfg = Release|Any CPU
		{455C845F-8B45-4E80-B1B9-9B48484BCD64}.Release|Any CPU.Build.0 = Release|Any CPU
	EndGlobalSection
	GlobalSection(SolutionProperties) = preSolution
		HideSolutionNode = FALSE
	EndGlobalSection
	GlobalSection(ExtensibilityGlobals) = postSolution
		SolutionGuid = {824114A8-95B0-4C16-9DB6-BD50731F6545}
	EndGlobalSection
EndGlobal
